
Microsoft Visual Studio Solution File, Format Version 12.00
# Visual Studio 14
VisualStudioVersion = 14.0.25420.1
MinimumVisualStudioVersion = 10.0.40219.1
Project("{FAE04EC0-301F-11D3-BF4B-00C04F79EFBC}") = "SportsStore.Domain", "SportsStore.Domain\SportsStore.Domain.csproj", "{AAD82710-B160-4EA5-9040-D3A7DCBC0672}"
EndProject
Project("{FAE04EC0-301F-11D3-BF4B-00C04F79EFBC}") = "SportsStore.WebUI", "SportsStore.WebUI\SportsStore.WebUI.csproj", "{85091A15-F3D5-40C2-8219-2BC58F905446}"
EndProject
Project("{FAE04EC0-301F-11D3-BF4B-00C04F79EFBC}") = "SportsStore.UnitTests", "SportsStore.UnitTests\SportsStore.UnitTests.csproj", "{D203824F-CB4B-4EF8-87EE-1DEC644C7A66}"
EndProject
Global
	GlobalSection(SolutionConfigurationPlatforms) = preSolution
		Debug|Any CPU = Debug|Any CPU
		Release|Any CPU = Release|Any CPU
	EndGlobalSection
	GlobalSection(ProjectConfigurationPlatforms) = postSolution
		{AAD82710-B160-4EA5-9040-D3A7DCBC0672}.Debug|Any CPU.ActiveCfg = Debug|Any CPU
		{AAD82710-B160-4EA5-9040-D3A7DCBC0672}.Debug|Any CPU.Build.0 = Debug|Any CPU
		{AAD82710-B160-4EA5-9040-D3A7DCBC0672}.Release|Any CPU.ActiveCfg = Release|Any CPU
		{AAD82710-B160-4EA5-9040-D3A7DCBC0672}.Release|Any CPU.Build.0 = Release|Any CPU
		{85091A15-F3D5-40C2-8219-2BC58F905446}.Debug|Any CPU.ActiveCfg = Debug|Any CPU
		{85091A15-F3D5-40C2-8219-2BC58F905446}.Debug|Any CPU.Build.0 = Debug|Any CPU
		{85091A15-F3D5-40C2-8219-2BC58F905446}.Release|Any CPU.ActiveCfg = Release|Any CPU
		{85091A15-F3D5-40C2-8219-2BC58F905446}.Release|Any CPU.Build.0 = Release|Any CPU
		{D203824F-CB4B-4EF8-87EE-1DEC644C7A66}.Debug|Any CPU.ActiveCfg = Debug|Any CPU
		{D203824F-CB4B-4EF8-87EE-1DEC644C7A66}.Debug|Any CPU.Build.0 = Debug|Any CPU
		{D203824F-CB4B-4EF8-87EE-1DEC644C7A66}.Release|Any CPU.ActiveCfg = Release|Any CPU
		{D203824F-CB4B-4EF8-87EE-1DEC644C7A66}.Release|Any CPU.Build.0 = Release|Any CPU
	EndGlobalSection
	GlobalSection(SolutionProperties) = preSolution
		HideSolutionNode = FALSE
	EndGlobalSection
EndGlobal
